<?xml version="1.0" encoding="utf-8"?>
<Project ToolsVersion="4.0" xmlns="http://schemas.microsoft.com/developer/msbuild/2003">
  <ItemGroup>
    <Filter Include="Source Files">
      <UniqueIdentifier>{4FC737F1-C7A5-4376-A066-2A32D752A2FF}</UniqueIdentifier>
      <Extensions>cpp;c;cc;cxx;def;odl;idl;hpj;bat;asm;asmx</Extensions>
    </Filter>
    <Filter Include="Header Files">
      <UniqueIdentifier>{93995380-89BD-4b04-88EB-625FBE52EBFB}</UniqueIdentifier>
      <Extensions>h;hpp;hxx;hm;inl;inc;xsd</Extensions>
    </Filter>
    <Filter Include="Resource Files">
      <UniqueIdentifier>{67DA6AB6-F800-4c08-8B7A-83BB121AAD01}</UniqueIdentifier>
      <Extensions>rc;ico;cur;bmp;dlg;rc2;rct;bin;rgs;gif;jpg;jpeg;jpe;resx;tiff;tif;png;wav;mfcribbon-ms</Extensions>
    </Filter>
    <Filter Include="Header Files\debuglib">
      <UniqueIdentifier>{0d1690e2-3d90-4562-a987-b205965eab3c}</UniqueIdentifier>
    </Filter>
    <Filter Include="Source Files\debuglib">
      <UniqueIdentifier>{47087436-001b-4720-bf47-a3dd77879bf6}</UniqueIdentifier>
    </Filter>
    <Filter Include="Resource Files\shader">
      <UniqueIdentifier>{e4b7d072-8c7d-4f81-b5c7-4eb4dd2ac725}</UniqueIdentifier>
    </Filter>
    <Filter Include="Resource Files\texture">
      <UniqueIdentifier>{462ce479-d16e-4b3b-b4aa-b86cc85ce982}</UniqueIdentifier>
    </Filter>
    <Filter Include="Resource Files\model">
      <UniqueIdentifier>{bf545f05-5f63-4802-9979-4db81f7984bb}</UniqueIdentifier>
    </Filter>
    <Filter Include="Resource Files\model\spider">
      <UniqueIdentifier>{c3f7005c-ac90-46f6-83a6-258d644167c2}</UniqueIdentifier>
    </Filter>
    <Filter Include="Resource Files\model\testscene">
      <UniqueIdentifier>{0a6fd8d4-d0e9-4107-9cc1-6132ed572ced}</UniqueIdentifier>
    </Filter>
  </ItemGroup>
  <ItemGroup>
    <ClInclude Include="debuglib\includes\CallStack.h">
      <Filter>Header Files\debuglib</Filter>
    </ClInclude>
    <ClInclude Include="debuglib\includes\DebugLib.h">
      <Filter>Header Files\debuglib</Filter>
    </ClInclude>
    <ClInclude Include="debuglib\includes\Logdispatch.h">
      <Filter>Header Files\debuglib</Filter>
    </ClInclude>
    <ClInclude Include="debuglib\includes\Logger.h">
      <Filter>Header Files\debuglib</Filter>
    </ClInclude>
    <ClInclude Include="debuglib\includes\ProcessInfo.h">
      <Filter>Header Files\debuglib</Filter>
    </ClInclude>
    <ClInclude Include="debuglib\includes\VSLogger.h">
      <Filter>Header Files\debuglib</Filter>
    </ClInclude>
    <ClInclude Include="includes\directX9.h">
      <Filter>Header Files</Filter>
    </ClInclude>
    <ClInclude Include="includes\drawable_tex2D.h">
      <Filter>Header Files</Filter>
    </ClInclude>
    <ClInclude Include="includes\dxmakros.h">
      <Filter>Header Files</Filter>
    </ClInclude>
    <ClInclude Include="includes\freeCamera.h">
      <Filter>Header Files</Filter>
    </ClInclude>
    <ClInclude Include="includes\structdeclarations.h">
      <Filter>Header Files</Filter>
    </ClInclude>
    <ClInclude Include="includes\timer.h">
      <Filter>Header Files</Filter>
    </ClInclude>
    <ClInclude Include="includes\vertexdeclarations.h">
      <Filter>Header Files</Filter>
    </ClInclude>
    <ClInclude Include="includes\window.h">
      <Filter>Header Files</Filter>
    </ClInclude>
    <ClInclude Include="includes\app.h">
      <Filter>Header Files</Filter>
    </ClInclude>
    <ClInclude Include="includes\testApp.h">
      <Filter>Header Files</Filter>
    </ClInclude>
    <ClInclude Include="includes\xManager.h">
      <Filter>Header Files</Filter>
    </ClInclude>
    <ClInclude Include="includes\smApp.h">
      <Filter>Header Files</Filter>
    </ClInclude>
  </ItemGroup>
  <ItemGroup>
    <ClCompile Include="debuglib\src\CallStack.cpp">
      <Filter>Source Files\debuglib</Filter>
    </ClCompile>
    <ClCompile Include="debuglib\src\Logdispatch.cpp">
      <Filter>Source Files\debuglib</Filter>
    </ClCompile>
    <ClCompile Include="debuglib\src\Logger.cpp">
      <Filter>Source Files\debuglib</Filter>
    </ClCompile>
    <ClCompile Include="debuglib\src\ProcessInfo.cpp">
      <Filter>Source Files\debuglib</Filter>
    </ClCompile>
    <ClCompile Include="debuglib\src\VSLogger.cpp">
      <Filter>Source Files\debuglib</Filter>
    </ClCompile>
    <ClCompile Include="src\directX9.cpp">
      <Filter>Source Files</Filter>
    </ClCompile>
    <ClCompile Include="src\drawable_tex2D.cpp">
      <Filter>Source Files</Filter>
    </ClCompile>
    <ClCompile Include="src\freeCamera.cpp">
      <Filter>Source Files</Filter>
    </ClCompile>
    <ClCompile Include="src\timer.cpp">
      <Filter>Source Files</Filter>
    </ClCompile>
    <ClCompile Include="src\window.cpp">
      <Filter>Source Files</Filter>
    </ClCompile>
    <ClCompile Include="winMain.cpp">
      <Filter>Source Files</Filter>
    </ClCompile>
    <ClCompile Include="src\testApp.cpp">
      <Filter>Source Files</Filter>
    </ClCompile>
    <ClCompile Include="src\vertexdeclarations.cpp">
      <Filter>Source Files</Filter>
    </ClCompile>
    <ClCompile Include="src\xManager.cpp">
      <Filter>Source Files</Filter>
    </ClCompile>
    <ClCompile Include="src\smApp.cpp">
      <Filter>Source Files</Filter>
    </ClCompile>
  </ItemGroup>
  <ItemGroup>
    <Image Include="texture\brick.jpg">
      <Filter>Resource Files\texture</Filter>
    </Image>
    <Image Include="texture\brick_normal_map.jpg">
      <Filter>Resource Files\texture</Filter>
    </Image>
    <Image Include="texture\cell_leather.jpg">
      <Filter>Resource Files\texture</Filter>
    </Image>
    <Image Include="texture\cell_leather_normal_map.jpg">
      <Filter>Resource Files\texture</Filter>
    </Image>
    <Image Include="texture\stone.jpg">
      <Filter>Resource Files\texture</Filter>
    </Image>
    <Image Include="texture\stone_normal_map.jpg">
      <Filter>Resource Files\texture</Filter>
    </Image>
    <Image Include="texture\white.jpg">
      <Filter>Resource Files\texture</Filter>
    </Image>
    <Image Include="model\spider\SpiderTex.jpg">
      <Filter>Resource Files\model\spider</Filter>
    </Image>
    <Image Include="texture\floor_nmap.bmp">
      <Filter>Resource Files\texture</Filter>
    </Image>
  </ItemGroup>
  <ItemGroup>
    <FxCompile Include="shader\basic.fx">
      <Filter>Resource Files\shader</Filter>
    </FxCompile>
    <FxCompile Include="shader\shadow.fx">
      <Filter>Resource Files\shader</Filter>
    </FxCompile>
  </ItemGroup>
  <ItemGroup>
    <None Include="model\spider\spider.mtl">
      <Filter>Resource Files\model\spider</Filter>
    </None>
    <None Include="model\testscene\BasicColumnScene.x">
      <Filter>Resource Files\model\testscene</Filter>
    </None>
  </ItemGroup>
  <ItemGroup>
    <Object Include="model\spider\spider.obj">
      <Filter>Resource Files\model\spider</Filter>
    </Object>
  </ItemGroup>
</Project>